// !$*UTF8*$!
{
	archiveVersion = 1;
	classes = {
	};
	objectVersion = 48;
	objects = {

/* Begin PBXBuildFile section */
		B31400DD221CE70B00FBF176 /* KthLargestNumber.swift in Sources */ = {isa = PBXBuildFile; fileRef = B31400DC221CE70B00FBF176 /* KthLargestNumber.swift */; };
		B31400DF22223A4B00FBF176 /* SelectionSampling.swift in Sources */ = {isa = PBXBuildFile; fileRef = B31400DE22223A4B00FBF176 /* SelectionSampling.swift */; };
		B315D8CB223D9A9200B0090B /* Array2D.swift in Sources */ = {isa = PBXBuildFile; fileRef = B315D8CA223D9A9200B0090B /* Array2D.swift */; };
		B35689042218C7B9000C4257 /* BoyerMooreStringSearch.swift in Sources */ = {isa = PBXBuildFile; fileRef = B35689032218C7B9000C4257 /* BoyerMooreStringSearch.swift */; };
		B3A6CBFB2219F7210083C1F1 /* LinearSearch.swift in Sources */ = {isa = PBXBuildFile; fileRef = B3A6CBFA2219F7210083C1F1 /* LinearSearch.swift */; };
		B3A6CBFD2219FB090083C1F1 /* CountOccurence.swift in Sources */ = {isa = PBXBuildFile; fileRef = B3A6CBFC2219FB090083C1F1 /* CountOccurence.swift */; };
		B3BD966D221BA51B00C87008 /* SelectMinimumMaximum.swift in Sources */ = {isa = PBXBuildFile; fileRef = B3BD966C221BA51B00C87008 /* SelectMinimumMaximum.swift */; };
		B3F0E6692224D29300B40A52 /* LongestCommonSubsequence.swift in Sources */ = {isa = PBXBuildFile; fileRef = B3F0E6682224D29300B40A52 /* LongestCommonSubsequence.swift */; };
		B3F0E66B2226204000B40A52 /* SelectionSort.swift in Sources */ = {isa = PBXBuildFile; fileRef = B3F0E66A2226204000B40A52 /* SelectionSort.swift */; };
		B3F0E66D2226255B00B40A52 /* ShellSort.swift in Sources */ = {isa = PBXBuildFile; fileRef = B3F0E66C2226255B00B40A52 /* ShellSort.swift */; };
		F219EE781FA7A08700AE4917 /* main.swift in Sources */ = {isa = PBXBuildFile; fileRef = F219EE771FA7A08700AE4917 /* main.swift */; };
		F219EE801FA7A31500AE4917 /* Stack.swift in Sources */ = {isa = PBXBuildFile; fileRef = F219EE7E1FA7A31500AE4917 /* Stack.swift */; };
		F219EE811FA7A31500AE4917 /* Queue.swift in Sources */ = {isa = PBXBuildFile; fileRef = F219EE7F1FA7A31500AE4917 /* Queue.swift */; };
		F219EE851FA7A33900AE4917 /* InsertionSort.swift in Sources */ = {isa = PBXBuildFile; fileRef = F219EE841FA7A33900AE4917 /* InsertionSort.swift */; };
		F223FA68226BEDB3001A0307 /* FixedSizeArray.swift in Sources */ = {isa = PBXBuildFile; fileRef = F223FA67226BEDB3001A0307 /* FixedSizeArray.swift */; };
		F243D3A922875238005E585E /* OrderedArray.swift in Sources */ = {isa = PBXBuildFile; fileRef = F243D3A822875238005E585E /* OrderedArray.swift */; };
		F243D3AB22876912005E585E /* RootishArrayStack.swift in Sources */ = {isa = PBXBuildFile; fileRef = F243D3AA22876912005E585E /* RootishArrayStack.swift */; };
		F25734982222E55B00B6AE37 /* UnionFind.swift in Sources */ = {isa = PBXBuildFile; fileRef = F25734972222E55B00B6AE37 /* UnionFind.swift */; };
		F2669FD92288C1AF009ECF68 /* Deque.swift in Sources */ = {isa = PBXBuildFile; fileRef = F2669FD82288C1AF009ECF68 /* Deque.swift */; };
		F2669FDB2288D011009ECF68 /* PriorityQueue.swift in Sources */ = {isa = PBXBuildFile; fileRef = F2669FDA2288D011009ECF68 /* PriorityQueue.swift */; };
		F26CE9921FACB798009F5D06 /* BinarySearchTree.swift in Sources */ = {isa = PBXBuildFile; fileRef = F26CE9911FACB798009F5D06 /* BinarySearchTree.swift */; };
		F2A08640222ABEC00095CC4D /* QuickSort.swift in Sources */ = {isa = PBXBuildFile; fileRef = F2A0863F222ABEC00095CC4D /* QuickSort.swift */; };
		F2A08642222C1BAA0095CC4D /* HeapSort.swift in Sources */ = {isa = PBXBuildFile; fileRef = F2A08641222C1BAA0095CC4D /* HeapSort.swift */; };
		F2A08644222C1C5C0095CC4D /* Heap.swift in Sources */ = {isa = PBXBuildFile; fileRef = F2A08643222C1C5C0095CC4D /* Heap.swift */; };
		F2D34AAC1FABB384002811E6 /* BinarySearch.swift in Sources */ = {isa = PBXBuildFile; fileRef = F2D34AAB1FABB384002811E6 /* BinarySearch.swift */; };
		F2E772852212457000D38413 /* MergeSort.swift in Sources */ = {isa = PBXBuildFile; fileRef = F2E772842212457000D38413 /* MergeSort.swift */; };
/* End PBXBuildFile section */

/* Begin PBXCopyFilesBuildPhase section */
		F219EE721FA7A08700AE4917 /* CopyFiles */ = {
			isa = PBXCopyFilesBuildPhase;
			buildActionMask = 2147483647;
			dstPath = /usr/share/man/man1/;
			dstSubfolderSpec = 0;
			files = (
			);
			runOnlyForDeploymentPostprocessing = 1;
		};
/* End PBXCopyFilesBuildPhase section */

/* Begin PBXFileReference section */
		B31400DC221CE70B00FBF176 /* KthLargestNumber.swift */ = {isa = PBXFileReference; lastKnownFileType = sourcecode.swift; path = KthLargestNumber.swift; sourceTree = "<group>"; };
		B31400DE22223A4B00FBF176 /* SelectionSampling.swift */ = {isa = PBXFileReference; lastKnownFileType = sourcecode.swift; path = SelectionSampling.swift; sourceTree = "<group>"; };
		B315D8CA223D9A9200B0090B /* Array2D.swift */ = {isa = PBXFileReference; lastKnownFileType = sourcecode.swift; path = Array2D.swift; sourceTree = "<group>"; };
		B35689032218C7B9000C4257 /* BoyerMooreStringSearch.swift */ = {isa = PBXFileReference; lastKnownFileType = sourcecode.swift; path = BoyerMooreStringSearch.swift; sourceTree = "<group>"; };
		B3A6CBFA2219F7210083C1F1 /* LinearSearch.swift */ = {isa = PBXFileReference; lastKnownFileType = sourcecode.swift; path = LinearSearch.swift; sourceTree = "<group>"; };
		B3A6CBFC2219FB090083C1F1 /* CountOccurence.swift */ = {isa = PBXFileReference; lastKnownFileType = sourcecode.swift; path = CountOccurence.swift; sourceTree = "<group>"; };
		B3BD966C221BA51B00C87008 /* SelectMinimumMaximum.swift */ = {isa = PBXFileReference; lastKnownFileType = sourcecode.swift; path = SelectMinimumMaximum.swift; sourceTree = "<group>"; };
		B3F0E6682224D29300B40A52 /* LongestCommonSubsequence.swift */ = {isa = PBXFileReference; lastKnownFileType = sourcecode.swift; path = LongestCommonSubsequence.swift; sourceTree = "<group>"; };
		B3F0E66A2226204000B40A52 /* SelectionSort.swift */ = {isa = PBXFileReference; lastKnownFileType = sourcecode.swift; path = SelectionSort.swift; sourceTree = "<group>"; };
		B3F0E66C2226255B00B40A52 /* ShellSort.swift */ = {isa = PBXFileReference; lastKnownFileType = sourcecode.swift; path = ShellSort.swift; sourceTree = "<group>"; };
		F219EE741FA7A08700AE4917 /* DataStructureAndAlgorithm */ = {isa = PBXFileReference; explicitFileType = "compiled.mach-o.executable"; includeInIndex = 0; path = DataStructureAndAlgorithm; sourceTree = BUILT_PRODUCTS_DIR; };
		F219EE771FA7A08700AE4917 /* main.swift */ = {isa = PBXFileReference; lastKnownFileType = sourcecode.swift; path = main.swift; sourceTree = "<group>"; };
		F219EE7E1FA7A31500AE4917 /* Stack.swift */ = {isa = PBXFileReference; fileEncoding = 4; lastKnownFileType = sourcecode.swift; path = Stack.swift; sourceTree = "<group>"; };
		F219EE7F1FA7A31500AE4917 /* Queue.swift */ = {isa = PBXFileReference; fileEncoding = 4; lastKnownFileType = sourcecode.swift; path = Queue.swift; sourceTree = "<group>"; };
		F219EE841FA7A33900AE4917 /* InsertionSort.swift */ = {isa = PBXFileReference; lastKnownFileType = sourcecode.swift; path = InsertionSort.swift; sourceTree = "<group>"; };
		F223FA67226BEDB3001A0307 /* FixedSizeArray.swift */ = {isa = PBXFileReference; lastKnownFileType = sourcecode.swift; path = FixedSizeArray.swift; sourceTree = "<group>"; };
		F243D3A822875238005E585E /* OrderedArray.swift */ = {isa = PBXFileReference; lastKnownFileType = sourcecode.swift; path = OrderedArray.swift; sourceTree = "<group>"; };
		F243D3AA22876912005E585E /* RootishArrayStack.swift */ = {isa = PBXFileReference; lastKnownFileType = sourcecode.swift; path = RootishArrayStack.swift; sourceTree = "<group>"; };
		F25734972222E55B00B6AE37 /* UnionFind.swift */ = {isa = PBXFileReference; lastKnownFileType = sourcecode.swift; path = UnionFind.swift; sourceTree = "<group>"; };
		F2669FD82288C1AF009ECF68 /* Deque.swift */ = {isa = PBXFileReference; lastKnownFileType = sourcecode.swift; path = Deque.swift; sourceTree = "<group>"; };
		F2669FDA2288D011009ECF68 /* PriorityQueue.swift */ = {isa = PBXFileReference; lastKnownFileType = sourcecode.swift; path = PriorityQueue.swift; sourceTree = "<group>"; };
		F26CE9911FACB798009F5D06 /* BinarySearchTree.swift */ = {isa = PBXFileReference; lastKnownFileType = sourcecode.swift; path = BinarySearchTree.swift; sourceTree = "<group>"; };
		F2A0863F222ABEC00095CC4D /* QuickSort.swift */ = {isa = PBXFileReference; lastKnownFileType = sourcecode.swift; path = QuickSort.swift; sourceTree = "<group>"; };
		F2A08641222C1BAA0095CC4D /* HeapSort.swift */ = {isa = PBXFileReference; lastKnownFileType = sourcecode.swift; path = HeapSort.swift; sourceTree = "<group>"; };
		F2A08643222C1C5C0095CC4D /* Heap.swift */ = {isa = PBXFileReference; lastKnownFileType = sourcecode.swift; path = Heap.swift; sourceTree = "<group>"; };
		F2D34AAB1FABB384002811E6 /* BinarySearch.swift */ = {isa = PBXFileReference; lastKnownFileType = sourcecode.swift; path = BinarySearch.swift; sourceTree = "<group>"; };
		F2E772842212457000D38413 /* MergeSort.swift */ = {isa = PBXFileReference; lastKnownFileType = sourcecode.swift; path = MergeSort.swift; sourceTree = "<group>"; };
/* End PBXFileReference section */

/* Begin PBXFrameworksBuildPhase section */
		F219EE711FA7A08700AE4917 /* Frameworks */ = {
			isa = PBXFrameworksBuildPhase;
			buildActionMask = 2147483647;
			files = (
			);
			runOnlyForDeploymentPostprocessing = 0;
		};
/* End PBXFrameworksBuildPhase section */

/* Begin PBXGroup section */
		F219EE6B1FA7A08700AE4917 = {
			isa = PBXGroup;
			children = (
				F219EE761FA7A08700AE4917 /* DataStructureAndAlgorithm */,
				F219EE751FA7A08700AE4917 /* Products */,
			);
			sourceTree = "<group>";
		};
		F219EE751FA7A08700AE4917 /* Products */ = {
			isa = PBXGroup;
			children = (
				F219EE741FA7A08700AE4917 /* DataStructureAndAlgorithm */,
			);
			name = Products;
			sourceTree = "<group>";
		};
		F219EE761FA7A08700AE4917 /* DataStructureAndAlgorithm */ = {
			isa = PBXGroup;
			children = (
				F219EE831FA7A32500AE4917 /* Algorithm */,
				F219EE821FA7A31B00AE4917 /* DataStructure */,
				F219EE771FA7A08700AE4917 /* main.swift */,
			);
			path = DataStructureAndAlgorithm;
			sourceTree = "<group>";
		};
		F219EE821FA7A31B00AE4917 /* DataStructure */ = {
			isa = PBXGroup;
			children = (
				F219EE7F1FA7A31500AE4917 /* Queue.swift */,
				F219EE7E1FA7A31500AE4917 /* Stack.swift */,
				F25734972222E55B00B6AE37 /* UnionFind.swift */,
				F2A08643222C1C5C0095CC4D /* Heap.swift */,
				B315D8CA223D9A9200B0090B /* Array2D.swift */,
				F223FA67226BEDB3001A0307 /* FixedSizeArray.swift */,
				F243D3A822875238005E585E /* OrderedArray.swift */,
				F243D3AA22876912005E585E /* RootishArrayStack.swift */,
				F2669FD82288C1AF009ECF68 /* Deque.swift */,
				F2669FDA2288D011009ECF68 /* PriorityQueue.swift */,
			);
			path = DataStructure;
			sourceTree = "<group>";
		};
		F219EE831FA7A32500AE4917 /* Algorithm */ = {
			isa = PBXGroup;
			children = (
				F219EE841FA7A33900AE4917 /* InsertionSort.swift */,
				F2D34AAB1FABB384002811E6 /* BinarySearch.swift */,
				F26CE9911FACB798009F5D06 /* BinarySearchTree.swift */,
				F2E772842212457000D38413 /* MergeSort.swift */,
				B35689032218C7B9000C4257 /* BoyerMooreStringSearch.swift */,
				B3A6CBFA2219F7210083C1F1 /* LinearSearch.swift */,
				B3A6CBFC2219FB090083C1F1 /* CountOccurence.swift */,
				B3BD966C221BA51B00C87008 /* SelectMinimumMaximum.swift */,
				B31400DC221CE70B00FBF176 /* KthLargestNumber.swift */,
				B31400DE22223A4B00FBF176 /* SelectionSampling.swift */,
				B3F0E6682224D29300B40A52 /* LongestCommonSubsequence.swift */,
				B3F0E66A2226204000B40A52 /* SelectionSort.swift */,
				B3F0E66C2226255B00B40A52 /* ShellSort.swift */,
				F2A0863F222ABEC00095CC4D /* QuickSort.swift */,
				F2A08641222C1BAA0095CC4D /* HeapSort.swift */,
			);
			path = Algorithm;
			sourceTree = "<group>";
		};
/* End PBXGroup section */

/* Begin PBXNativeTarget section */
		F219EE731FA7A08700AE4917 /* DataStructureAndAlgorithm */ = {
			isa = PBXNativeTarget;
			buildConfigurationList = F219EE7B1FA7A08700AE4917 /* Build configuration list for PBXNativeTarget "DataStructureAndAlgorithm" */;
			buildPhases = (
				F219EE701FA7A08700AE4917 /* Sources */,
				F219EE711FA7A08700AE4917 /* Frameworks */,
				F219EE721FA7A08700AE4917 /* CopyFiles */,
			);
			buildRules = (
			);
			dependencies = (
			);
			name = DataStructureAndAlgorithm;
			productName = DataStructureAndAlgorithm;
			productReference = F219EE741FA7A08700AE4917 /* DataStructureAndAlgorithm */;
			productType = "com.apple.product-type.tool";
		};
/* End PBXNativeTarget section */

/* Begin PBXProject section */
		F219EE6C1FA7A08700AE4917 /* Project object */ = {
			isa = PBXProject;
			attributes = {
				LastSwiftUpdateCheck = 0900;
				LastUpgradeCheck = 1010;
				ORGANIZATIONNAME = "Feng Chang";
				TargetAttributes = {
					F219EE731FA7A08700AE4917 = {
						CreatedOnToolsVersion = 9.0.1;
						LastSwiftMigration = 1010;
						ProvisioningStyle = Automatic;
					};
				};
			};
			buildConfigurationList = F219EE6F1FA7A08700AE4917 /* Build configuration list for PBXProject "DataStructureAndAlgorithm" */;
			compatibilityVersion = "Xcode 8.0";
			developmentRegion = en;
			hasScannedForEncodings = 0;
			knownRegions = (
				en,
			);
			mainGroup = F219EE6B1FA7A08700AE4917;
			productRefGroup = F219EE751FA7A08700AE4917 /* Products */;
			projectDirPath = "";
			projectRoot = "";
			targets = (
				F219EE731FA7A08700AE4917 /* DataStructureAndAlgorithm */,
			);
		};
/* End PBXProject section */

/* Begin PBXSourcesBuildPhase section */
		F219EE701FA7A08700AE4917 /* Sources */ = {
			isa = PBXSourcesBuildPhase;
			buildActionMask = 2147483647;
			files = (
				F219EE801FA7A31500AE4917 /* Stack.swift in Sources */,
				B3A6CBFD2219FB090083C1F1 /* CountOccurence.swift in Sources */,
				F2A08642222C1BAA0095CC4D /* HeapSort.swift in Sources */,
				F25734982222E55B00B6AE37 /* UnionFind.swift in Sources */,
				F219EE851FA7A33900AE4917 /* InsertionSort.swift in Sources */,
				B31400DD221CE70B00FBF176 /* KthLargestNumber.swift in Sources */,
				F26CE9921FACB798009F5D06 /* BinarySearchTree.swift in Sources */,
				B315D8CB223D9A9200B0090B /* Array2D.swift in Sources */,
				F243D3A922875238005E585E /* OrderedArray.swift in Sources */,
				B3A6CBFB2219F7210083C1F1 /* LinearSearch.swift in Sources */,
				F219EE811FA7A31500AE4917 /* Queue.swift in Sources */,
				B3F0E66D2226255B00B40A52 /* ShellSort.swift in Sources */,
				B31400DF22223A4B00FBF176 /* SelectionSampling.swift in Sources */,
				F2669FD92288C1AF009ECF68 /* Deque.swift in Sources */,
				F2A08644222C1C5C0095CC4D /* Heap.swift in Sources */,
				B3F0E6692224D29300B40A52 /* LongestCommonSubsequence.swift in Sources */,
				F243D3AB22876912005E585E /* RootishArrayStack.swift in Sources */,
				F2E772852212457000D38413 /* MergeSort.swift in Sources */,
				F219EE781FA7A08700AE4917 /* main.swift in Sources */,
				F2A08640222ABEC00095CC4D /* QuickSort.swift in Sources */,
				B3F0E66B2226204000B40A52 /* SelectionSort.swift in Sources */,
				B3BD966D221BA51B00C87008 /* SelectMinimumMaximum.swift in Sources */,
				F223FA68226BEDB3001A0307 /* FixedSizeArray.swift in Sources */,
				F2D34AAC1FABB384002811E6 /* BinarySearch.swift in Sources */,
				B35689042218C7B9000C4257 /* BoyerMooreStringSearch.swift in Sources */,
				F2669FDB2288D011009ECF68 /* PriorityQueue.swift in Sources */,
			);
			runOnlyForDeploymentPostprocessing = 0;
		};
/* End PBXSourcesBuildPhase section */

/* Begin XCBuildConfiguration section */
		F219EE791FA7A08700AE4917 /* Debug */ = {
			isa = XCBuildConfiguration;
			buildSettings = {
				ALWAYS_SEARCH_USER_PATHS = NO;
				CLANG_ANALYZER_NONNULL = YES;
				CLANG_ANALYZER_NUMBER_OBJECT_CONVERSION = YES_AGGRESSIVE;
				CLANG_CXX_LANGUAGE_STANDARD = "gnu++14";
				CLANG_CXX_LIBRARY = "libc++";
				CLANG_ENABLE_MODULES = YES;
				CLANG_ENABLE_OBJC_ARC = YES;
				CLANG_WARN_BLOCK_CAPTURE_AUTORELEASING = YES;
				CLANG_WARN_BOOL_CONVERSION = YES;
				CLANG_WARN_COMMA = YES;
				CLANG_WARN_CONSTANT_CONVERSION = YES;
				CLANG_WARN_DEPRECATED_OBJC_IMPLEMENTATIONS = YES;
				CLANG_WARN_DIRECT_OBJC_ISA_USAGE = YES_ERROR;
				CLANG_WARN_DOCUMENTATION_COMMENTS = YES;
				CLANG_WARN_EMPTY_BODY = YES;
				CLANG_WARN_ENUM_CONVERSION = YES;
				CLANG_WARN_INFINITE_RECURSION = YES;
				CLANG_WARN_INT_CONVERSION = YES;
				CLANG_WARN_NON_LITERAL_NULL_CONVERSION = YES;
				CLANG_WARN_OBJC_IMPLICIT_RETAIN_SELF = YES;
				CLANG_WARN_OBJC_LITERAL_CONVERSION = YES;
				CLANG_WARN_OBJC_ROOT_CLASS = YES_ERROR;
				CLANG_WARN_RANGE_LOOP_ANALYSIS = YES;
				CLANG_WARN_STRICT_PROTOTYPES = YES;
				CLANG_WARN_SUSPICIOUS_MOVE = YES;
				CLANG_WARN_UNGUARDED_AVAILABILITY = YES_AGGRESSIVE;
				CLANG_WARN_UNREACHABLE_CODE = YES;
				CLANG_WARN__DUPLICATE_METHOD_MATCH = YES;
				CODE_SIGN_IDENTITY = "Mac Developer";
				COPY_PHASE_STRIP = NO;
				DEBUG_INFORMATION_FORMAT = dwarf;
				ENABLE_STRICT_OBJC_MSGSEND = YES;
				ENABLE_TESTABILITY = YES;
				GCC_C_LANGUAGE_STANDARD = gnu11;
				GCC_DYNAMIC_NO_PIC = NO;
				GCC_NO_COMMON_BLOCKS = YES;
				GCC_OPTIMIZATION_LEVEL = 0;
				GCC_PREPROCESSOR_DEFINITIONS = (
					"DEBUG=1",
					"$(inherited)",
				);
				GCC_WARN_64_TO_32_BIT_CONVERSION = YES;
				GCC_WARN_ABOUT_RETURN_TYPE = YES_ERROR;
				GCC_WARN_UNDECLARED_SELECTOR = YES;
				GCC_WARN_UNINITIALIZED_AUTOS = YES_AGGRESSIVE;
				GCC_WARN_UNUSED_FUNCTION = YES;
				GCC_WARN_UNUSED_VARIABLE = YES;
				MACOSX_DEPLOYMENT_TARGET = 10.12;
				MTL_ENABLE_DEBUG_INFO = YES;
				ONLY_ACTIVE_ARCH = YES;
				SDKROOT = macosx;
				SWIFT_ACTIVE_COMPILATION_CONDITIONS = DEBUG;
				SWIFT_OPTIMIZATION_LEVEL = "-Onone";
			};
			name = Debug;
		};
		F219EE7A1FA7A08700AE4917 /* Release */ = {
			isa = XCBuildConfiguration;
			buildSettings = {
				ALWAYS_SEARCH_USER_PATHS = NO;
				CLANG_ANALYZER_NONNULL = YES;
				CLANG_ANALYZER_NUMBER_OBJECT_CONVERSION = YES_AGGRESSIVE;
				CLANG_CXX_LANGUAGE_STANDARD = "gnu++14";
				CLANG_CXX_LIBRARY = "libc++";
				CLANG_ENABLE_MODULES = YES;
				CLANG_ENABLE_OBJC_ARC = YES;
				CLANG_WARN_BLOCK_CAPTURE_AUTORELEASING = YES;
				CLANG_WARN_BOOL_CONVERSION = YES;
				CLANG_WARN_COMMA = YES;
				CLANG_WARN_CONSTANT_CONVERSION = YES;
				CLANG_WARN_DEPRECATED_OBJC_IMPLEMENTATIONS = YES;
				CLANG_WARN_DIRECT_OBJC_ISA_USAGE = YES_ERROR;
				CLANG_WARN_DOCUMENTATION_COMMENTS = YES;
				CLANG_WARN_EMPTY_BODY = YES;
				CLANG_WARN_ENUM_CONVERSION = YES;
				CLANG_WARN_INFINITE_RECURSION = YES;
				CLANG_WARN_INT_CONVERSION = YES;
				CLANG_WARN_NON_LITERAL_NULL_CONVERSION = YES;
				CLANG_WARN_OBJC_IMPLICIT_RETAIN_SELF = YES;
				CLANG_WARN_OBJC_LITERAL_CONVERSION = YES;
				CLANG_WARN_OBJC_ROOT_CLASS = YES_ERROR;
				CLANG_WARN_RANGE_LOOP_ANALYSIS = YES;
				CLANG_WARN_STRICT_PROTOTYPES = YES;
				CLANG_WARN_SUSPICIOUS_MOVE = YES;
				CLANG_WARN_UNGUARDED_AVAILABILITY = YES_AGGRESSIVE;
				CLANG_WARN_UNREACHABLE_CODE = YES;
				CLANG_WARN__DUPLICATE_METHOD_MATCH = YES;
				CODE_SIGN_IDENTITY = "Mac Developer";
				COPY_PHASE_STRIP = NO;
				DEBUG_INFORMATION_FORMAT = "dwarf-with-dsym";
				ENABLE_NS_ASSERTIONS = NO;
				ENABLE_STRICT_OBJC_MSGSEND = YES;
				GCC_C_LANGUAGE_STANDARD = gnu11;
				GCC_NO_COMMON_BLOCKS = YES;
				GCC_WARN_64_TO_32_BIT_CONVERSION = YES;
				GCC_WARN_ABOUT_RETURN_TYPE = YES_ERROR;
				GCC_WARN_UNDECLARED_SELECTOR = YES;
				GCC_WARN_UNINITIALIZED_AUTOS = YES_AGGRESSIVE;
				GCC_WARN_UNUSED_FUNCTION = YES;
				GCC_WARN_UNUSED_VARIABLE = YES;
				MACOSX_DEPLOYMENT_TARGET = 10.12;
				MTL_ENABLE_DEBUG_INFO = NO;
				SDKROOT = macosx;
				SWIFT_OPTIMIZATION_LEVEL = "-Owholemodule";
			};
			name = Release;
		};
		F219EE7C1FA7A08700AE4917 /* Debug */ = {
			isa = XCBuildConfiguration;
			buildSettings = {
				CODE_SIGN_STYLE = Automatic;
				DEVELOPMENT_TEAM = CVSSWAABME;
				PRODUCT_NAME = "$(TARGET_NAME)";
				SWIFT_VERSION = 4.2;
			};
			name = Debug;
		};
		F219EE7D1FA7A08700AE4917 /* Release */ = {
			isa = XCBuildConfiguration;
			buildSettings = {
				CODE_SIGN_STYLE = Automatic;
				DEVELOPMENT_TEAM = CVSSWAABME;
				PRODUCT_NAME = "$(TARGET_NAME)";
				SWIFT_VERSION = 4.2;
			};
			name = Release;
		};
/* End XCBuildConfiguration section */

/* Begin XCConfigurationList section */
		F219EE6F1FA7A08700AE4917 /* Build configuration list for PBXProject "DataStructureAndAlgorithm" */ = {
			isa = XCConfigurationList;
			buildConfigurations = (
				F219EE791FA7A08700AE4917 /* Debug */,
				F219EE7A1FA7A08700AE4917 /* Release */,
			);
			defaultConfigurationIsVisible = 0;
			defaultConfigurationName = Release;
		};
		F219EE7B1FA7A08700AE4917 /* Build configuration list for PBXNativeTarget "DataStructureAndAlgorithm" */ = {
			isa = XCConfigurationList;
			buildConfigurations = (
				F219EE7C1FA7A08700AE4917 /* Debug */,
				F219EE7D1FA7A08700AE4917 /* Release */,
			);
			defaultConfigurationIsVisible = 0;
			defaultConfigurationName = Release;
		};
/* End XCConfigurationList section */
	};
	rootObject = F219EE6C1FA7A08700AE4917 /* Project object */;
}
