// !$*UTF8*$!
{
	archiveVersion = 1;
	classes = {
	};
	objectVersion = 48;
	objects = {

/* Begin PBXBuildFile section */
		B35689042218C7B9000C4257 /* BoyerMooreStringSearch.swift in Sources */ = {isa = PBXBuildFile; fileRef = B35689032218C7B9000C4257 /* BoyerMooreStringSearch.swift */; };
		B3A6CBFB2219F7210083C1F1 /* LinearSearch.swift in Sources */ = {isa = PBXBuildFile; fileRef = B3A6CBFA2219F7210083C1F1 /* LinearSearch.swift */; };
		B3A6CBFD2219FB090083C1F1 /* CountOccurence.swift in Sources */ = {isa = PBXBuildFile; fileRef = B3A6CBFC2219FB090083C1F1 /* CountOccurence.swift */; };
		F219EE781FA7A08700AE4917 /* main.swift in Sources */ = {isa = PBXBuildFile; fileRef = F219EE771FA7A08700AE4917 /* main.swift */; };
		F219EE801FA7A31500AE4917 /* Stack.swift in Sources */ = {isa = PBXBuildFile; fileRef = F219EE7E1FA7A31500AE4917 /* Stack.swift */; };
		F219EE811FA7A31500AE4917 /* Queue.swift in Sources */ = {isa = PBXBuildFile; fileRef = F219EE7F1FA7A31500AE4917 /* Queue.swift */; };
		F219EE851FA7A33900AE4917 /* InsertionSort.swift in Sources */ = {isa = PBXBuildFile; fileRef = F219EE841FA7A33900AE4917 /* InsertionSort.swift */; };
		F26CE9921FACB798009F5D06 /* BinarySearchTree.swift in Sources */ = {isa = PBXBuildFile; fileRef = F26CE9911FACB798009F5D06 /* BinarySearchTree.swift */; };
		F2D34AAC1FABB384002811E6 /* BinarySearch.swift in Sources */ = {isa = PBXBuildFile; fileRef = F2D34AAB1FABB384002811E6 /* BinarySearch.swift */; };
		F2E772852212457000D38413 /* MergeSort.swift in Sources */ = {isa = PBXBuildFile; fileRef = F2E772842212457000D38413 /* MergeSort.swift */; };
/* End PBXBuildFile section */

/* Begin PBXCopyFilesBuildPhase section */
		F219EE721FA7A08700AE4917 /* CopyFiles */ = {
			isa = PBXCopyFilesBuildPhase;
			buildActionMask = 2147483647;
			dstPath = /usr/share/man/man1/;
			dstSubfolderSpec = 0;
			files = (
			);
			runOnlyForDeploymentPostprocessing = 1;
		};
/* End PBXCopyFilesBuildPhase section */

/* Begin PBXFileReference section */
		B35689032218C7B9000C4257 /* BoyerMooreStringSearch.swift */ = {isa = PBXFileReference; lastKnownFileType = sourcecode.swift; path = BoyerMooreStringSearch.swift; sourceTree = "<group>"; };
		B3A6CBFA2219F7210083C1F1 /* LinearSearch.swift */ = {isa = PBXFileReference; lastKnownFileType = sourcecode.swift; path = LinearSearch.swift; sourceTree = "<group>"; };
		B3A6CBFC2219FB090083C1F1 /* CountOccurence.swift */ = {isa = PBXFileReference; lastKnownFileType = sourcecode.swift; path = CountOccurence.swift; sourceTree = "<group>"; };
		F219EE741FA7A08700AE4917 /* DataStructureAndAlgorithm */ = {isa = PBXFileReference; explicitFileType = "compiled.mach-o.executable"; includeInIndex = 0; path = DataStructureAndAlgorithm; sourceTree = BUILT_PRODUCTS_DIR; };
		F219EE771FA7A08700AE4917 /* main.swift */ = {isa = PBXFileReference; lastKnownFileType = sourcecode.swift; path = main.swift; sourceTree = "<group>"; };
		F219EE7E1FA7A31500AE4917 /* Stack.swift */ = {isa = PBXFileReference; fileEncoding = 4; lastKnownFileType = sourcecode.swift; path = Stack.swift; sourceTree = "<group>"; };
		F219EE7F1FA7A31500AE4917 /* Queue.swift */ = {isa = PBXFileReference; fileEncoding = 4; lastKnownFileType = sourcecode.swift; path = Queue.swift; sourceTree = "<group>"; };
		F219EE841FA7A33900AE4917 /* InsertionSort.swift */ = {isa = PBXFileReference; lastKnownFileType = sourcecode.swift; path = InsertionSort.swift; sourceTree = "<group>"; };
		F26CE9911FACB798009F5D06 /* BinarySearchTree.swift */ = {isa = PBXFileReference; lastKnownFileType = sourcecode.swift; path = BinarySearchTree.swift; sourceTree = "<group>"; };
		F2D34AAB1FABB384002811E6 /* BinarySearch.swift */ = {isa = PBXFileReference; lastKnownFileType = sourcecode.swift; path = BinarySearch.swift; sourceTree = "<group>"; };
		F2E772842212457000D38413 /* MergeSort.swift */ = {isa = PBXFileReference; lastKnownFileType = sourcecode.swift; path = MergeSort.swift; sourceTree = "<group>"; };
/* End PBXFileReference section */

/* Begin PBXFrameworksBuildPhase section */
		F219EE711FA7A08700AE4917 /* Frameworks */ = {
			isa = PBXFrameworksBuildPhase;
			buildActionMask = 2147483647;
			files = (
			);
			runOnlyForDeploymentPostprocessing = 0;
		};
/* End PBXFrameworksBuildPhase section */

/* Begin PBXGroup section */
		F219EE6B1FA7A08700AE4917 = {
			isa = PBXGroup;
			children = (
				F219EE761FA7A08700AE4917 /* DataStructureAndAlgorithm */,
				F219EE751FA7A08700AE4917 /* Products */,
			);
			sourceTree = "<group>";
		};
		F219EE751FA7A08700AE4917 /* Products */ = {
			isa = PBXGroup;
			children = (
				F219EE741FA7A08700AE4917 /* DataStructureAndAlgorithm */,
			);
			name = Products;
			sourceTree = "<group>";
		};
		F219EE761FA7A08700AE4917 /* DataStructureAndAlgorithm */ = {
			isa = PBXGroup;
			children = (
				F219EE831FA7A32500AE4917 /* Algorithm */,
				F219EE821FA7A31B00AE4917 /* DataStructure */,
				F219EE771FA7A08700AE4917 /* main.swift */,
			);
			path = DataStructureAndAlgorithm;
			sourceTree = "<group>";
		};
		F219EE821FA7A31B00AE4917 /* DataStructure */ = {
			isa = PBXGroup;
			children = (
				F219EE7F1FA7A31500AE4917 /* Queue.swift */,
				F219EE7E1FA7A31500AE4917 /* Stack.swift */,
			);
			path = DataStructure;
			sourceTree = "<group>";
		};
		F219EE831FA7A32500AE4917 /* Algorithm */ = {
			isa = PBXGroup;
			children = (
				F219EE841FA7A33900AE4917 /* InsertionSort.swift */,
				F2D34AAB1FABB384002811E6 /* BinarySearch.swift */,
				F26CE9911FACB798009F5D06 /* BinarySearchTree.swift */,
				F2E772842212457000D38413 /* MergeSort.swift */,
				B35689032218C7B9000C4257 /* BoyerMooreStringSearch.swift */,
				B3A6CBFA2219F7210083C1F1 /* LinearSearch.swift */,
				B3A6CBFC2219FB090083C1F1 /* CountOccurence.swift */,
			);
			path = Algorithm;
			sourceTree = "<group>";
		};
/* End PBXGroup section */

/* Begin PBXNativeTarget section */
		F219EE731FA7A08700AE4917 /* DataStructureAndAlgorithm */ = {
			isa = PBXNativeTarget;
			buildConfigurationList = F219EE7B1FA7A08700AE4917 /* Build configuration list for PBXNativeTarget "DataStructureAndAlgorithm" */;
			buildPhases = (
				F219EE701FA7A08700AE4917 /* Sources */,
				F219EE711FA7A08700AE4917 /* Frameworks */,
				F219EE721FA7A08700AE4917 /* CopyFiles */,
			);
			buildRules = (
			);
			dependencies = (
			);
			name = DataStructureAndAlgorithm;
			productName = DataStructureAndAlgorithm;
			productReference = F219EE741FA7A08700AE4917 /* DataStructureAndAlgorithm */;
			productType = "com.apple.product-type.tool";
		};
/* End PBXNativeTarget section */

/* Begin PBXProject section */
		F219EE6C1FA7A08700AE4917 /* Project object */ = {
			isa = PBXProject;
			attributes = {
				LastSwiftUpdateCheck = 0900;
				LastUpgradeCheck = 1010;
				ORGANIZATIONNAME = "Feng Chang";
				TargetAttributes = {
					F219EE731FA7A08700AE4917 = {
						CreatedOnToolsVersion = 9.0.1;
						LastSwiftMigration = 1010;
						ProvisioningStyle = Automatic;
					};
				};
			};
			buildConfigurationList = F219EE6F1FA7A08700AE4917 /* Build configuration list for PBXProject "DataStructureAndAlgorithm" */;
			compatibilityVersion = "Xcode 8.0";
			developmentRegion = en;
			hasScannedForEncodings = 0;
			knownRegions = (
				en,
			);
			mainGroup = F219EE6B1FA7A08700AE4917;
			productRefGroup = F219EE751FA7A08700AE4917 /* Products */;
			projectDirPath = "";
			projectRoot = "";
			targets = (
				F219EE731FA7A08700AE4917 /* DataStructureAndAlgorithm */,
			);
		};
/* End PBXProject section */

/* Begin PBXSourcesBuildPhase section */
		F219EE701FA7A08700AE4917 /* Sources */ = {
			isa = PBXSourcesBuildPhase;
			buildActionMask = 2147483647;
			files = (
				F219EE801FA7A31500AE4917 /* Stack.swift in Sources */,
				B3A6CBFD2219FB090083C1F1 /* CountOccurence.swift in Sources */,
				F219EE851FA7A33900AE4917 /* InsertionSort.swift in Sources */,
				F26CE9921FACB798009F5D06 /* BinarySearchTree.swift in Sources */,
				B3A6CBFB2219F7210083C1F1 /* LinearSearch.swift in Sources */,
				F219EE811FA7A31500AE4917 /* Queue.swift in Sources */,
				F2E772852212457000D38413 /* MergeSort.swift in Sources */,
				F219EE781FA7A08700AE4917 /* main.swift in Sources */,
				F2D34AAC1FABB384002811E6 /* BinarySearch.swift in Sources */,
				B35689042218C7B9000C4257 /* BoyerMooreStringSearch.swift in Sources */,
			);
			runOnlyForDeploymentPostprocessing = 0;
		};
/* End PBXSourcesBuildPhase section */

/* Begin XCBuildConfiguration section */
		F219EE791FA7A08700AE4917 /* Debug */ = {
			isa = XCBuildConfiguration;
			buildSettings = {
				ALWAYS_SEARCH_USER_PATHS = NO;
				CLANG_ANALYZER_NONNULL = YES;
				CLANG_ANALYZER_NUMBER_OBJECT_CONVERSION = YES_AGGRESSIVE;
				CLANG_CXX_LANGUAGE_STANDARD = "gnu++14";
				CLANG_CXX_LIBRARY = "libc++";
				CLANG_ENABLE_MODULES = YES;
				CLANG_ENABLE_OBJC_ARC = YES;
				CLANG_WARN_BLOCK_CAPTURE_AUTORELEASING = YES;
				CLANG_WARN_BOOL_CONVERSION = YES;
				CLANG_WARN_COMMA = YES;
				CLANG_WARN_CONSTANT_CONVERSION = YES;
				CLANG_WARN_DEPRECATED_OBJC_IMPLEMENTATIONS = YES;
				CLANG_WARN_DIRECT_OBJC_ISA_USAGE = YES_ERROR;
				CLANG_WARN_DOCUMENTATION_COMMENTS = YES;
				CLANG_WARN_EMPTY_BODY = YES;
				CLANG_WARN_ENUM_CONVERSION = YES;
				CLANG_WARN_INFINITE_RECURSION = YES;
				CLANG_WARN_INT_CONVERSION = YES;
				CLANG_WARN_NON_LITERAL_NULL_CONVERSION = YES;
				CLANG_WARN_OBJC_IMPLICIT_RETAIN_SELF = YES;
				CLANG_WARN_OBJC_LITERAL_CONVERSION = YES;
				CLANG_WARN_OBJC_ROOT_CLASS = YES_ERROR;
				CLANG_WARN_RANGE_LOOP_ANALYSIS = YES;
				CLANG_WARN_STRICT_PROTOTYPES = YES;
				CLANG_WARN_SUSPICIOUS_MOVE = YES;
				CLANG_WARN_UNGUARDED_AVAILABILITY = YES_AGGRESSIVE;
				CLANG_WARN_UNREACHABLE_CODE = YES;
				CLANG_WARN__DUPLICATE_METHOD_MATCH = YES;
				CODE_SIGN_IDENTITY = "Mac Developer";
				COPY_PHASE_STRIP = NO;
				DEBUG_INFORMATION_FORMAT = dwarf;
				ENABLE_STRICT_OBJC_MSGSEND = YES;
				ENABLE_TESTABILITY = YES;
				GCC_C_LANGUAGE_STANDARD = gnu11;
				GCC_DYNAMIC_NO_PIC = NO;
				GCC_NO_COMMON_BLOCKS = YES;
				GCC_OPTIMIZATION_LEVEL = 0;
				GCC_PREPROCESSOR_DEFINITIONS = (
					"DEBUG=1",
					"$(inherited)",
				);
				GCC_WARN_64_TO_32_BIT_CONVERSION = YES;
				GCC_WARN_ABOUT_RETURN_TYPE = YES_ERROR;
				GCC_WARN_UNDECLARED_SELECTOR = YES;
				GCC_WARN_UNINITIALIZED_AUTOS = YES_AGGRESSIVE;
				GCC_WARN_UNUSED_FUNCTION = YES;
				GCC_WARN_UNUSED_VARIABLE = YES;
				MACOSX_DEPLOYMENT_TARGET = 10.12;
				MTL_ENABLE_DEBUG_INFO = YES;
				ONLY_ACTIVE_ARCH = YES;
				SDKROOT = macosx;
				SWIFT_ACTIVE_COMPILATION_CONDITIONS = DEBUG;
				SWIFT_OPTIMIZATION_LEVEL = "-Onone";
			};
			name = Debug;
		};
		F219EE7A1FA7A08700AE4917 /* Release */ = {
			isa = XCBuildConfiguration;
			buildSettings = {
				ALWAYS_SEARCH_USER_PATHS = NO;
				CLANG_ANALYZER_NONNULL = YES;
				CLANG_ANALYZER_NUMBER_OBJECT_CONVERSION = YES_AGGRESSIVE;
				CLANG_CXX_LANGUAGE_STANDARD = "gnu++14";
				CLANG_CXX_LIBRARY = "libc++";
				CLANG_ENABLE_MODULES = YES;
				CLANG_ENABLE_OBJC_ARC = YES;
				CLANG_WARN_BLOCK_CAPTURE_AUTORELEASING = YES;
				CLANG_WARN_BOOL_CONVERSION = YES;
				CLANG_WARN_COMMA = YES;
				CLANG_WARN_CONSTANT_CONVERSION = YES;
				CLANG_WARN_DEPRECATED_OBJC_IMPLEMENTATIONS = YES;
				CLANG_WARN_DIRECT_OBJC_ISA_USAGE = YES_ERROR;
				CLANG_WARN_DOCUMENTATION_COMMENTS = YES;
				CLANG_WARN_EMPTY_BODY = YES;
				CLANG_WARN_ENUM_CONVERSION = YES;
				CLANG_WARN_INFINITE_RECURSION = YES;
				CLANG_WARN_INT_CONVERSION = YES;
				CLANG_WARN_NON_LITERAL_NULL_CONVERSION = YES;
				CLANG_WARN_OBJC_IMPLICIT_RETAIN_SELF = YES;
				CLANG_WARN_OBJC_LITERAL_CONVERSION = YES;
				CLANG_WARN_OBJC_ROOT_CLASS = YES_ERROR;
				CLANG_WARN_RANGE_LOOP_ANALYSIS = YES;
				CLANG_WARN_STRICT_PROTOTYPES = YES;
				CLANG_WARN_SUSPICIOUS_MOVE = YES;
				CLANG_WARN_UNGUARDED_AVAILABILITY = YES_AGGRESSIVE;
				CLANG_WARN_UNREACHABLE_CODE = YES;
				CLANG_WARN__DUPLICATE_METHOD_MATCH = YES;
				CODE_SIGN_IDENTITY = "Mac Developer";
				COPY_PHASE_STRIP = NO;
				DEBUG_INFORMATION_FORMAT = "dwarf-with-dsym";
				ENABLE_NS_ASSERTIONS = NO;
				ENABLE_STRICT_OBJC_MSGSEND = YES;
				GCC_C_LANGUAGE_STANDARD = gnu11;
				GCC_NO_COMMON_BLOCKS = YES;
				GCC_WARN_64_TO_32_BIT_CONVERSION = YES;
				GCC_WARN_ABOUT_RETURN_TYPE = YES_ERROR;
				GCC_WARN_UNDECLARED_SELECTOR = YES;
				GCC_WARN_UNINITIALIZED_AUTOS = YES_AGGRESSIVE;
				GCC_WARN_UNUSED_FUNCTION = YES;
				GCC_WARN_UNUSED_VARIABLE = YES;
				MACOSX_DEPLOYMENT_TARGET = 10.12;
				MTL_ENABLE_DEBUG_INFO = NO;
				SDKROOT = macosx;
				SWIFT_OPTIMIZATION_LEVEL = "-Owholemodule";
			};
			name = Release;
		};
		F219EE7C1FA7A08700AE4917 /* Debug */ = {
			isa = XCBuildConfiguration;
			buildSettings = {
				CODE_SIGN_STYLE = Automatic;
				DEVELOPMENT_TEAM = CVSSWAABME;
				PRODUCT_NAME = "$(TARGET_NAME)";
				SWIFT_VERSION = 4.2;
			};
			name = Debug;
		};
		F219EE7D1FA7A08700AE4917 /* Release */ = {
			isa = XCBuildConfiguration;
			buildSettings = {
				CODE_SIGN_STYLE = Automatic;
				DEVELOPMENT_TEAM = CVSSWAABME;
				PRODUCT_NAME = "$(TARGET_NAME)";
				SWIFT_VERSION = 4.2;
			};
			name = Release;
		};
/* End XCBuildConfiguration section */

/* Begin XCConfigurationList section */
		F219EE6F1FA7A08700AE4917 /* Build configuration list for PBXProject "DataStructureAndAlgorithm" */ = {
			isa = XCConfigurationList;
			buildConfigurations = (
				F219EE791FA7A08700AE4917 /* Debug */,
				F219EE7A1FA7A08700AE4917 /* Release */,
			);
			defaultConfigurationIsVisible = 0;
			defaultConfigurationName = Release;
		};
		F219EE7B1FA7A08700AE4917 /* Build configuration list for PBXNativeTarget "DataStructureAndAlgorithm" */ = {
			isa = XCConfigurationList;
			buildConfigurations = (
				F219EE7C1FA7A08700AE4917 /* Debug */,
				F219EE7D1FA7A08700AE4917 /* Release */,
			);
			defaultConfigurationIsVisible = 0;
			defaultConfigurationName = Release;
		};
/* End XCConfigurationList section */
	};
	rootObject = F219EE6C1FA7A08700AE4917 /* Project object */;
}
